
Microsoft Visual Studio Solution File, Format Version 12.00
# Visual Studio 2013
VisualStudioVersion = 12.0.21005.1
MinimumVisualStudioVersion = 10.0.40219.1
Project("{8BC9CEB8-8B4A-11D0-8D11-00A0C91BC942}") = "labp6.2", "labp6.2\labp6.2.vcxproj", "{DDEAC9A5-5449-4C83-8415-F0FD4B7E6732}"
EndProject
Global
	GlobalSection(SolutionConfigurationPlatforms) = preSolution
		Debug|Win32 = Debug|Win32
		Release|Win32 = Release|Win32
	EndGlobalSection
	GlobalSection(ProjectConfigurationPlatforms) = postSolution
		{DDEAC9A5-5449-4C83-8415-F0FD4B7E6732}.Debug|Win32.ActiveCfg = Debug|Win32
		{DDEAC9A5-5449-4C83-8415-F0FD4B7E6732}.Debug|Win32.Build.0 = Debug|Win32
		{DDEAC9A5-5449-4C83-8415-F0FD4B7E6732}.Release|Win32.ActiveCfg = Release|Win32
		{DDEAC9A5-5449-4C83-8415-F0FD4B7E6732}.Release|Win32.Build.0 = Release|Win32
	EndGlobalSection
	GlobalSection(SolutionProperties) = preSolution
		HideSolutionNode = FALSE
	EndGlobalSection
EndGlobal
